
Microsoft Visual Studio Solution File, Format Version 12.00
# Visual Studio Version 17
VisualStudioVersion = 17.11.35327.3
MinimumVisualStudioVersion = 10.0.40219.1
Project("{9A19103F-16F7-4668-BE54-9A1E7A4F7556}") = "TaskManagementSystem", "TaskManagementSystem\TaskManagementSystem.csproj", "{3FAFDAC9-2EC3-483B-9157-BD68CFCEB4FF}"
EndProject
Project("{9A19103F-16F7-4668-BE54-9A1E7A4F7556}") = "TaskManagementSystem.UnitTests", "TaskManagementSystem.UnitTests\TaskManagementSystem.UnitTests.csproj", "{AE56F114-4689-4871-B236-D69F6DA168D5}"
EndProject
Project("{54A90642-561A-4BB1-A94E-469ADEE60C69}") = "taskmanagementsystem.frontend", "TaskManagementSystem.Frontend\taskmanagementsystem.frontend.esproj", "{7CFB2295-F3A8-42D0-810B-80361B4592AE}"
EndProject
Global
	GlobalSection(SolutionConfigurationPlatforms) = preSolution
		Debug|Any CPU = Debug|Any CPU
		Release|Any CPU = Release|Any CPU
	EndGlobalSection
	GlobalSection(ProjectConfigurationPlatforms) = postSolution
		{3FAFDAC9-2EC3-483B-9157-BD68CFCEB4FF}.Debug|Any CPU.ActiveCfg = Debug|Any CPU
		{3FAFDAC9-2EC3-483B-9157-BD68CFCEB4FF}.Debug|Any CPU.Build.0 = Debug|Any CPU
		{3FAFDAC9-2EC3-483B-9157-BD68CFCEB4FF}.Release|Any CPU.ActiveCfg = Release|Any CPU
		{3FAFDAC9-2EC3-483B-9157-BD68CFCEB4FF}.Release|Any CPU.Build.0 = Release|Any CPU
		{AE56F114-4689-4871-B236-D69F6DA168D5}.Debug|Any CPU.ActiveCfg = Debug|Any CPU
		{AE56F114-4689-4871-B236-D69F6DA168D5}.Debug|Any CPU.Build.0 = Debug|Any CPU
		{AE56F114-4689-4871-B236-D69F6DA168D5}.Release|Any CPU.ActiveCfg = Release|Any CPU
		{AE56F114-4689-4871-B236-D69F6DA168D5}.Release|Any CPU.Build.0 = Release|Any CPU
		{7CFB2295-F3A8-42D0-810B-80361B4592AE}.Debug|Any CPU.ActiveCfg = Debug|Any CPU
		{7CFB2295-F3A8-42D0-810B-80361B4592AE}.Debug|Any CPU.Build.0 = Debug|Any CPU
		{7CFB2295-F3A8-42D0-810B-80361B4592AE}.Debug|Any CPU.Deploy.0 = Debug|Any CPU
		{7CFB2295-F3A8-42D0-810B-80361B4592AE}.Release|Any CPU.ActiveCfg = Release|Any CPU
		{7CFB2295-F3A8-42D0-810B-80361B4592AE}.Release|Any CPU.Build.0 = Release|Any CPU
		{7CFB2295-F3A8-42D0-810B-80361B4592AE}.Release|Any CPU.Deploy.0 = Release|Any CPU
	EndGlobalSection
	GlobalSection(SolutionProperties) = preSolution
		HideSolutionNode = FALSE
	EndGlobalSection
	GlobalSection(ExtensibilityGlobals) = postSolution
		SolutionGuid = {627C94E0-5B45-4B2B-8223-291DE0E293FF}
	EndGlobalSection
EndGlobal
